
Microsoft Visual Studio Solution File, Format Version 12.00
# Visual Studio Version 16
VisualStudioVersion = 16.0.29613.14
MinimumVisualStudioVersion = 10.0.40219.1
Project("{FAE04EC0-301F-11D3-BF4B-00C04F79EFBC}") = "ind", "ind.csproj", "{9C97A921-C220-4DCD-9D88-7493F2EE4E0F}"
EndProject
Project("{FAE04EC0-301F-11D3-BF4B-00C04F79EFBC}") = "ind1", "..\ind1\ind1.csproj", "{384AB48A-7BAF-4D27-9C98-B7349DE666FC}"
EndProject
Project("{FAE04EC0-301F-11D3-BF4B-00C04F79EFBC}") = "ind2", "..\ind2\ind2.csproj", "{1543BCD3-AB28-4401-8826-94CD291071E3}"
EndProject
Global
	GlobalSection(SolutionConfigurationPlatforms) = preSolution
		Debug|Any CPU = Debug|Any CPU
		Release|Any CPU = Release|Any CPU
	EndGlobalSection
	GlobalSection(ProjectConfigurationPlatforms) = postSolution
		{9C97A921-C220-4DCD-9D88-7493F2EE4E0F}.Debug|Any CPU.ActiveCfg = Debug|Any CPU
		{9C97A921-C220-4DCD-9D88-7493F2EE4E0F}.Debug|Any CPU.Build.0 = Debug|Any CPU
		{9C97A921-C220-4DCD-9D88-7493F2EE4E0F}.Release|Any CPU.ActiveCfg = Release|Any CPU
		{9C97A921-C220-4DCD-9D88-7493F2EE4E0F}.Release|Any CPU.Build.0 = Release|Any CPU
		{384AB48A-7BAF-4D27-9C98-B7349DE666FC}.Debug|Any CPU.ActiveCfg = Debug|Any CPU
		{384AB48A-7BAF-4D27-9C98-B7349DE666FC}.Debug|Any CPU.Build.0 = Debug|Any CPU
		{384AB48A-7BAF-4D27-9C98-B7349DE666FC}.Release|Any CPU.ActiveCfg = Release|Any CPU
		{384AB48A-7BAF-4D27-9C98-B7349DE666FC}.Release|Any CPU.Build.0 = Release|Any CPU
		{1543BCD3-AB28-4401-8826-94CD291071E3}.Debug|Any CPU.ActiveCfg = Debug|Any CPU
		{1543BCD3-AB28-4401-8826-94CD291071E3}.Debug|Any CPU.Build.0 = Debug|Any CPU
		{1543BCD3-AB28-4401-8826-94CD291071E3}.Release|Any CPU.ActiveCfg = Release|Any CPU
		{1543BCD3-AB28-4401-8826-94CD291071E3}.Release|Any CPU.Build.0 = Release|Any CPU
	EndGlobalSection
	GlobalSection(SolutionProperties) = preSolution
		HideSolutionNode = FALSE
	EndGlobalSection
	GlobalSection(ExtensibilityGlobals) = postSolution
		SolutionGuid = {E3166CB4-5B09-4E88-BF70-F35FFA57EE80}
	EndGlobalSection
EndGlobal
